
Microsoft Visual Studio Solution File, Format Version 12.00
# Visual Studio Version 17
VisualStudioVersion = 17.4.33213.308
MinimumVisualStudioVersion = 10.0.40219.1
Project("{FAE04EC0-301F-11D3-BF4B-00C04F79EFBC}") = "VardabitCore.API", "VardabitCore.API\VardabitCore.API.csproj", "{78B023C1-97D3-41DC-8E0F-42789941A57D}"
EndProject
Project("{FAE04EC0-301F-11D3-BF4B-00C04F79EFBC}") = "VardabitCore.Common", "VardabitCore.Common\VardabitCore.Common.csproj", "{04811E4B-92A0-423A-A59F-BE3AF1F0E703}"
EndProject
Project("{FAE04EC0-301F-11D3-BF4B-00C04F79EFBC}") = "VardabitCore.Data", "VardabitCore.Data\VardabitCore.Data.csproj", "{E73CD153-2E2C-45C3-9C06-B1A38CAE8D33}"
EndProject
Project("{FAE04EC0-301F-11D3-BF4B-00C04F79EFBC}") = "VardabitCore.Resources", "VardabitCore.Resources\VardabitCore.Resources.csproj", "{A3CE2C78-FC0D-4000-88DC-98EF0255444C}"
EndProject
Project("{FAE04EC0-301F-11D3-BF4B-00C04F79EFBC}") = "VardabitCore.Business", "VardabitCore.Business\VardabitCore.Business.csproj", "{8D784710-6198-49DE-A837-0D56ED57477C}"
EndProject
Global
	GlobalSection(SolutionConfigurationPlatforms) = preSolution
		Debug|Any CPU = Debug|Any CPU
		Release|Any CPU = Release|Any CPU
	EndGlobalSection
	GlobalSection(ProjectConfigurationPlatforms) = postSolution
		{78B023C1-97D3-41DC-8E0F-42789941A57D}.Debug|Any CPU.ActiveCfg = Debug|Any CPU
		{78B023C1-97D3-41DC-8E0F-42789941A57D}.Debug|Any CPU.Build.0 = Debug|Any CPU
		{78B023C1-97D3-41DC-8E0F-42789941A57D}.Release|Any CPU.ActiveCfg = Release|Any CPU
		{78B023C1-97D3-41DC-8E0F-42789941A57D}.Release|Any CPU.Build.0 = Release|Any CPU
		{04811E4B-92A0-423A-A59F-BE3AF1F0E703}.Debug|Any CPU.ActiveCfg = Debug|Any CPU
		{04811E4B-92A0-423A-A59F-BE3AF1F0E703}.Debug|Any CPU.Build.0 = Debug|Any CPU
		{04811E4B-92A0-423A-A59F-BE3AF1F0E703}.Release|Any CPU.ActiveCfg = Release|Any CPU
		{04811E4B-92A0-423A-A59F-BE3AF1F0E703}.Release|Any CPU.Build.0 = Release|Any CPU
		{E73CD153-2E2C-45C3-9C06-B1A38CAE8D33}.Debug|Any CPU.ActiveCfg = Debug|Any CPU
		{E73CD153-2E2C-45C3-9C06-B1A38CAE8D33}.Debug|Any CPU.Build.0 = Debug|Any CPU
		{E73CD153-2E2C-45C3-9C06-B1A38CAE8D33}.Release|Any CPU.ActiveCfg = Release|Any CPU
		{E73CD153-2E2C-45C3-9C06-B1A38CAE8D33}.Release|Any CPU.Build.0 = Release|Any CPU
		{A3CE2C78-FC0D-4000-88DC-98EF0255444C}.Debug|Any CPU.ActiveCfg = Debug|Any CPU
		{A3CE2C78-FC0D-4000-88DC-98EF0255444C}.Debug|Any CPU.Build.0 = Debug|Any CPU
		{A3CE2C78-FC0D-4000-88DC-98EF0255444C}.Release|Any CPU.ActiveCfg = Release|Any CPU
		{A3CE2C78-FC0D-4000-88DC-98EF0255444C}.Release|Any CPU.Build.0 = Release|Any CPU
		{8D784710-6198-49DE-A837-0D56ED57477C}.Debug|Any CPU.ActiveCfg = Debug|Any CPU
		{8D784710-6198-49DE-A837-0D56ED57477C}.Debug|Any CPU.Build.0 = Debug|Any CPU
		{8D784710-6198-49DE-A837-0D56ED57477C}.Release|Any CPU.ActiveCfg = Release|Any CPU
		{8D784710-6198-49DE-A837-0D56ED57477C}.Release|Any CPU.Build.0 = Release|Any CPU
	EndGlobalSection
	GlobalSection(SolutionProperties) = preSolution
		HideSolutionNode = FALSE
	EndGlobalSection
	GlobalSection(ExtensibilityGlobals) = postSolution
		SolutionGuid = {B6DDB1F2-6B78-4A00-B3A2-353FF6CDD1D7}
	EndGlobalSection
EndGlobal
